
Microsoft Visual Studio Solution File, Format Version 12.00
# Visual Studio Version 17
VisualStudioVersion = 17.9.34701.34
MinimumVisualStudioVersion = 10.0.40219.1
Project("{FAE04EC0-301F-11D3-BF4B-00C04F79EFBC}") = "DatabaseFirstWith_MVC_Temp", "DatabaseFirstWith_MVC_Temp\DatabaseFirstWith_MVC_Temp.csproj", "{2A0EA8CE-6B56-4031-B8DB-AB7958D5CB06}"
EndProject
Global
	GlobalSection(SolutionConfigurationPlatforms) = preSolution
		Debug|Any CPU = Debug|Any CPU
		Release|Any CPU = Release|Any CPU
	EndGlobalSection
	GlobalSection(ProjectConfigurationPlatforms) = postSolution
		{2A0EA8CE-6B56-4031-B8DB-AB7958D5CB06}.Debug|Any CPU.ActiveCfg = Debug|Any CPU
		{2A0EA8CE-6B56-4031-B8DB-AB7958D5CB06}.Debug|Any CPU.Build.0 = Debug|Any CPU
		{2A0EA8CE-6B56-4031-B8DB-AB7958D5CB06}.Release|Any CPU.ActiveCfg = Release|Any CPU
		{2A0EA8CE-6B56-4031-B8DB-AB7958D5CB06}.Release|Any CPU.Build.0 = Release|Any CPU
	EndGlobalSection
	GlobalSection(SolutionProperties) = preSolution
		HideSolutionNode = FALSE
	EndGlobalSection
	GlobalSection(ExtensibilityGlobals) = postSolution
		SolutionGuid = {A8840F30-2305-4F73-8BA4-35859E3EA4E2}
	EndGlobalSection
EndGlobal
